
Microsoft Visual Studio Solution File, Format Version 12.00
# Visual Studio 2015
Project("{FAE04EC0-301F-11D3-BF4B-00C04F79EFBC}") = "Terror-In-The-Deep.Plugins", "Terror-In-The-Deep.Plugins.csproj", "{B0D50699-416F-2402-61CC-D3A091A9B857}"
EndProject
Project("{FAE04EC0-301F-11D3-BF4B-00C04F79EFBC}") = "Terror-In-The-Deep.Editor.Plugins", "Terror-In-The-Deep.Editor.Plugins.csproj", "{FDFEA778-967F-0738-5B56-27C4D88C275C}"
EndProject
Global
	GlobalSection(SolutionConfigurationPlatforms) = preSolution
		Debug|Any CPU = Debug|Any CPU
		Release|Any CPU = Release|Any CPU
	EndGlobalSection
	GlobalSection(ProjectConfigurationPlatforms) = postSolution
		{B0D50699-416F-2402-61CC-D3A091A9B857}.Debug|Any CPU.ActiveCfg = Debug|Any CPU
		{B0D50699-416F-2402-61CC-D3A091A9B857}.Debug|Any CPU.Build.0 = Debug|Any CPU
		{B0D50699-416F-2402-61CC-D3A091A9B857}.Release|Any CPU.ActiveCfg = Release|Any CPU
		{B0D50699-416F-2402-61CC-D3A091A9B857}.Release|Any CPU.Build.0 = Release|Any CPU
		{FDFEA778-967F-0738-5B56-27C4D88C275C}.Debug|Any CPU.ActiveCfg = Debug|Any CPU
		{FDFEA778-967F-0738-5B56-27C4D88C275C}.Debug|Any CPU.Build.0 = Debug|Any CPU
		{FDFEA778-967F-0738-5B56-27C4D88C275C}.Release|Any CPU.ActiveCfg = Release|Any CPU
		{FDFEA778-967F-0738-5B56-27C4D88C275C}.Release|Any CPU.Build.0 = Release|Any CPU
	EndGlobalSection
	GlobalSection(SolutionProperties) = preSolution
		HideSolutionNode = FALSE
	EndGlobalSection
EndGlobal
